{
  "name": "MUD",
  "lockfileVersion": 3,
  "requires": true,
  "packages": {
    "": {
      "dependencies": {
        "telnet": "git+https://github.com/TooTallNate/node-telnet.git#780340617e1f223de384cdfcb7cecf0a1a6f1159"
      }
    },
    "node_modules/telnet": {
      "version": "0.0.1",
      "resolved": "git+ssh://git@github.com/TooTallNate/node-telnet.git#780340617e1f223de384cdfcb7cecf0a1a6f1159",
      "integrity": "sha512-ZZDaESo80SmzVfwDeZKgVVfOGOiovRHdVRGnldMMCIKcnx9VeU4fI/aJleF+U51ajKNxXw9ZOeq9Ip0REd1Hfw=="
    }
  }
}
